
Microsoft Visual Studio Solution File, Format Version 12.00
# Visual Studio 2017
Project("{FAE04EC0-301F-11D3-BF4B-00C04F79EFBC}") = "Island-survival", "Island-survival.csproj", "{D71447CF-F939-3B1B-691F-DC9EB7549A3A}"
EndProject
Project("{FAE04EC0-301F-11D3-BF4B-00C04F79EFBC}") = "Island-survival.Plugins", "Island-survival.Plugins.csproj", "{BC46A71C-C800-5765-EDA9-DB3CC1912624}"
EndProject
Project("{FAE04EC0-301F-11D3-BF4B-00C04F79EFBC}") = "Island-survival.Editor.Plugins", "Island-survival.Editor.Plugins.csproj", "{369A3788-BC4E-208D-0CE6-0CDAC9FBF46F}"
EndProject
Global
	GlobalSection(SolutionConfigurationPlatforms) = preSolution
		Debug|Any CPU = Debug|Any CPU
		Release|Any CPU = Release|Any CPU
	EndGlobalSection
	GlobalSection(ProjectConfigurationPlatforms) = postSolution
		{D71447CF-F939-3B1B-691F-DC9EB7549A3A}.Debug|Any CPU.ActiveCfg = Debug|Any CPU
		{D71447CF-F939-3B1B-691F-DC9EB7549A3A}.Debug|Any CPU.Build.0 = Debug|Any CPU
		{D71447CF-F939-3B1B-691F-DC9EB7549A3A}.Release|Any CPU.ActiveCfg = Release|Any CPU
		{D71447CF-F939-3B1B-691F-DC9EB7549A3A}.Release|Any CPU.Build.0 = Release|Any CPU
		{BC46A71C-C800-5765-EDA9-DB3CC1912624}.Debug|Any CPU.ActiveCfg = Debug|Any CPU
		{BC46A71C-C800-5765-EDA9-DB3CC1912624}.Debug|Any CPU.Build.0 = Debug|Any CPU
		{BC46A71C-C800-5765-EDA9-DB3CC1912624}.Release|Any CPU.ActiveCfg = Release|Any CPU
		{BC46A71C-C800-5765-EDA9-DB3CC1912624}.Release|Any CPU.Build.0 = Release|Any CPU
		{369A3788-BC4E-208D-0CE6-0CDAC9FBF46F}.Debug|Any CPU.ActiveCfg = Debug|Any CPU
		{369A3788-BC4E-208D-0CE6-0CDAC9FBF46F}.Debug|Any CPU.Build.0 = Debug|Any CPU
		{369A3788-BC4E-208D-0CE6-0CDAC9FBF46F}.Release|Any CPU.ActiveCfg = Release|Any CPU
		{369A3788-BC4E-208D-0CE6-0CDAC9FBF46F}.Release|Any CPU.Build.0 = Release|Any CPU
	EndGlobalSection
	GlobalSection(SolutionProperties) = preSolution
		HideSolutionNode = FALSE
	EndGlobalSection
EndGlobal
